// !$*UTF8*$!
{
	archiveVersion = 1;
	classes = {
	};
	objectVersion = 50;
	objects = {

/* Begin PBXBuildFile section */
		D05E6451258007E100CFF7AE /* AppDelegate.swift in Sources */ = {isa = PBXBuildFile; fileRef = D05E6450258007E100CFF7AE /* AppDelegate.swift */; };
		D05E6457258007E100CFF7AE /* GameScene.swift in Sources */ = {isa = PBXBuildFile; fileRef = D05E6456258007E100CFF7AE /* GameScene.swift */; };
		D05E6459258007E100CFF7AE /* GameViewController.swift in Sources */ = {isa = PBXBuildFile; fileRef = D05E6458258007E100CFF7AE /* GameViewController.swift */; };
		D05E645C258007E100CFF7AE /* Main.storyboard in Resources */ = {isa = PBXBuildFile; fileRef = D05E645A258007E100CFF7AE /* Main.storyboard */; };
		D05E645E258007E400CFF7AE /* Assets.xcassets in Resources */ = {isa = PBXBuildFile; fileRef = D05E645D258007E400CFF7AE /* Assets.xcassets */; };
		D05E6469258007E500CFF7AE /* Wall_RunnerTests.swift in Sources */ = {isa = PBXBuildFile; fileRef = D05E6468258007E500CFF7AE /* Wall_RunnerTests.swift */; };
		D05E6474258007E500CFF7AE /* Wall_RunnerUITests.swift in Sources */ = {isa = PBXBuildFile; fileRef = D05E6473258007E500CFF7AE /* Wall_RunnerUITests.swift */; };
		D075469A258021D5005A08D0 /* Settings.swift in Sources */ = {isa = PBXBuildFile; fileRef = D0754699258021D5005A08D0 /* Settings.swift */; };
		D07546AF2580245D005A08D0 /* Constants.swift in Sources */ = {isa = PBXBuildFile; fileRef = D07546AE2580245D005A08D0 /* Constants.swift */; };
		D07546B725819F48005A08D0 /* MenuScene.swift in Sources */ = {isa = PBXBuildFile; fileRef = D07546B625819F48005A08D0 /* MenuScene.swift */; };
		D08CAB7825895B3C007C8797 /* Alertable.swift in Sources */ = {isa = PBXBuildFile; fileRef = D08CAB7725895B3B007C8797 /* Alertable.swift */; };
		D08CAB8625897879007C8797 /* Launch Screen.storyboard in Resources */ = {isa = PBXBuildFile; fileRef = D08CAB8525897879007C8797 /* Launch Screen.storyboard */; };
		D0E86E0425840AB9007EB58B /* TutorialScene.swift in Sources */ = {isa = PBXBuildFile; fileRef = D0E86E0325840AB9007EB58B /* TutorialScene.swift */; };
		D0E86E1425854810007EB58B /* StoreScene.swift in Sources */ = {isa = PBXBuildFile; fileRef = D0E86E1325854810007EB58B /* StoreScene.swift */; };
/* End PBXBuildFile section */

/* Begin PBXContainerItemProxy section */
		D05E6465258007E500CFF7AE /* PBXContainerItemProxy */ = {
			isa = PBXContainerItemProxy;
			containerPortal = D05E6445258007E100CFF7AE /* Project object */;
			proxyType = 1;
			remoteGlobalIDString = D05E644C258007E100CFF7AE;
			remoteInfo = "Wall Runner";
		};
		D05E6470258007E500CFF7AE /* PBXContainerItemProxy */ = {
			isa = PBXContainerItemProxy;
			containerPortal = D05E6445258007E100CFF7AE /* Project object */;
			proxyType = 1;
			remoteGlobalIDString = D05E644C258007E100CFF7AE;
			remoteInfo = "Wall Runner";
		};
/* End PBXContainerItemProxy section */

/* Begin PBXFileReference section */
		D05E644D258007E100CFF7AE /* Wall Bounce.app */ = {isa = PBXFileReference; explicitFileType = wrapper.application; includeInIndex = 0; path = "Wall Bounce.app"; sourceTree = BUILT_PRODUCTS_DIR; };
		D05E6450258007E100CFF7AE /* AppDelegate.swift */ = {isa = PBXFileReference; lastKnownFileType = sourcecode.swift; path = AppDelegate.swift; sourceTree = "<group>"; };
		D05E6456258007E100CFF7AE /* GameScene.swift */ = {isa = PBXFileReference; lastKnownFileType = sourcecode.swift; path = GameScene.swift; sourceTree = "<group>"; };
		D05E6458258007E100CFF7AE /* GameViewController.swift */ = {isa = PBXFileReference; lastKnownFileType = sourcecode.swift; path = GameViewController.swift; sourceTree = "<group>"; };
		D05E645B258007E100CFF7AE /* Base */ = {isa = PBXFileReference; lastKnownFileType = file.storyboard; name = Base; path = Base.lproj/Main.storyboard; sourceTree = "<group>"; };
		D05E645D258007E400CFF7AE /* Assets.xcassets */ = {isa = PBXFileReference; lastKnownFileType = folder.assetcatalog; path = Assets.xcassets; sourceTree = "<group>"; };
		D05E645F258007E400CFF7AE /* Info.plist */ = {isa = PBXFileReference; lastKnownFileType = text.plist.xml; path = Info.plist; sourceTree = "<group>"; };
		D05E6464258007E500CFF7AE /* Wall BounceTests.xctest */ = {isa = PBXFileReference; explicitFileType = wrapper.cfbundle; includeInIndex = 0; path = "Wall BounceTests.xctest"; sourceTree = BUILT_PRODUCTS_DIR; };
		D05E6468258007E500CFF7AE /* Wall_RunnerTests.swift */ = {isa = PBXFileReference; lastKnownFileType = sourcecode.swift; path = Wall_RunnerTests.swift; sourceTree = "<group>"; };
		D05E646A258007E500CFF7AE /* Info.plist */ = {isa = PBXFileReference; lastKnownFileType = text.plist.xml; path = Info.plist; sourceTree = "<group>"; };
		D05E646F258007E500CFF7AE /* Wall BounceUITests.xctest */ = {isa = PBXFileReference; explicitFileType = wrapper.cfbundle; includeInIndex = 0; path = "Wall BounceUITests.xctest"; sourceTree = BUILT_PRODUCTS_DIR; };
		D05E6473258007E500CFF7AE /* Wall_RunnerUITests.swift */ = {isa = PBXFileReference; lastKnownFileType = sourcecode.swift; path = Wall_RunnerUITests.swift; sourceTree = "<group>"; };
		D05E6475258007E500CFF7AE /* Info.plist */ = {isa = PBXFileReference; lastKnownFileType = text.plist.xml; path = Info.plist; sourceTree = "<group>"; };
		D0754699258021D5005A08D0 /* Settings.swift */ = {isa = PBXFileReference; lastKnownFileType = sourcecode.swift; path = Settings.swift; sourceTree = "<group>"; };
		D07546AE2580245D005A08D0 /* Constants.swift */ = {isa = PBXFileReference; lastKnownFileType = sourcecode.swift; path = Constants.swift; sourceTree = "<group>"; };
		D07546B625819F48005A08D0 /* MenuScene.swift */ = {isa = PBXFileReference; lastKnownFileType = sourcecode.swift; path = MenuScene.swift; sourceTree = "<group>"; };
		D08CAB7725895B3B007C8797 /* Alertable.swift */ = {isa = PBXFileReference; lastKnownFileType = sourcecode.swift; path = Alertable.swift; sourceTree = "<group>"; };
		D08CAB8525897879007C8797 /* Launch Screen.storyboard */ = {isa = PBXFileReference; lastKnownFileType = file.storyboard; path = "Launch Screen.storyboard"; sourceTree = "<group>"; };
		D0E86E0325840AB9007EB58B /* TutorialScene.swift */ = {isa = PBXFileReference; lastKnownFileType = sourcecode.swift; path = TutorialScene.swift; sourceTree = "<group>"; };
		D0E86E1325854810007EB58B /* StoreScene.swift */ = {isa = PBXFileReference; lastKnownFileType = sourcecode.swift; path = StoreScene.swift; sourceTree = "<group>"; };
/* End PBXFileReference section */

/* Begin PBXFrameworksBuildPhase section */
		D05E644A258007E100CFF7AE /* Frameworks */ = {
			isa = PBXFrameworksBuildPhase;
			buildActionMask = 2147483647;
			files = (
			);
			runOnlyForDeploymentPostprocessing = 0;
		};
		D05E6461258007E500CFF7AE /* Frameworks */ = {
			isa = PBXFrameworksBuildPhase;
			buildActionMask = 2147483647;
			files = (
			);
			runOnlyForDeploymentPostprocessing = 0;
		};
		D05E646C258007E500CFF7AE /* Frameworks */ = {
			isa = PBXFrameworksBuildPhase;
			buildActionMask = 2147483647;
			files = (
			);
			runOnlyForDeploymentPostprocessing = 0;
		};
/* End PBXFrameworksBuildPhase section */

/* Begin PBXGroup section */
		D05E6444258007E100CFF7AE = {
			isa = PBXGroup;
			children = (
				D05E644F258007E100CFF7AE /* Wall Runner */,
				D05E6467258007E500CFF7AE /* Wall RunnerTests */,
				D05E6472258007E500CFF7AE /* Wall RunnerUITests */,
				D05E644E258007E100CFF7AE /* Products */,
			);
			sourceTree = "<group>";
		};
		D05E644E258007E100CFF7AE /* Products */ = {
			isa = PBXGroup;
			children = (
				D05E644D258007E100CFF7AE /* Wall Bounce.app */,
				D05E6464258007E500CFF7AE /* Wall BounceTests.xctest */,
				D05E646F258007E500CFF7AE /* Wall BounceUITests.xctest */,
			);
			name = Products;
			sourceTree = "<group>";
		};
		D05E644F258007E100CFF7AE /* Wall Runner */ = {
			isa = PBXGroup;
			children = (
				D05E645F258007E400CFF7AE /* Info.plist */,
				D0754698258021C0005A08D0 /* Templates */,
				D0754697258021A6005A08D0 /* Assets */,
				D05E64882580200100CFF7AE /* Controllers */,
				D05E648725801FE700CFF7AE /* Scenes */,
			);
			path = "Wall Runner";
			sourceTree = "<group>";
		};
		D05E6467258007E500CFF7AE /* Wall RunnerTests */ = {
			isa = PBXGroup;
			children = (
				D05E6468258007E500CFF7AE /* Wall_RunnerTests.swift */,
				D05E646A258007E500CFF7AE /* Info.plist */,
			);
			path = "Wall RunnerTests";
			sourceTree = "<group>";
		};
		D05E6472258007E500CFF7AE /* Wall RunnerUITests */ = {
			isa = PBXGroup;
			children = (
				D05E6473258007E500CFF7AE /* Wall_RunnerUITests.swift */,
				D05E6475258007E500CFF7AE /* Info.plist */,
			);
			path = "Wall RunnerUITests";
			sourceTree = "<group>";
		};
		D05E648725801FE700CFF7AE /* Scenes */ = {
			isa = PBXGroup;
			children = (
				D07546B625819F48005A08D0 /* MenuScene.swift */,
				D0E86E1325854810007EB58B /* StoreScene.swift */,
				D0E86E0325840AB9007EB58B /* TutorialScene.swift */,
				D05E6456258007E100CFF7AE /* GameScene.swift */,
			);
			path = Scenes;
			sourceTree = "<group>";
		};
		D05E64882580200100CFF7AE /* Controllers */ = {
			isa = PBXGroup;
			children = (
				D05E6458258007E100CFF7AE /* GameViewController.swift */,
			);
			path = Controllers;
			sourceTree = "<group>";
		};
		D0754697258021A6005A08D0 /* Assets */ = {
			isa = PBXGroup;
			children = (
				D05E645A258007E100CFF7AE /* Main.storyboard */,
				D08CAB8525897879007C8797 /* Launch Screen.storyboard */,
				D05E645D258007E400CFF7AE /* Assets.xcassets */,
			);
			path = Assets;
			sourceTree = "<group>";
		};
		D0754698258021C0005A08D0 /* Templates */ = {
			isa = PBXGroup;
			children = (
				D05E6450258007E100CFF7AE /* AppDelegate.swift */,
				D07546AE2580245D005A08D0 /* Constants.swift */,
				D0754699258021D5005A08D0 /* Settings.swift */,
				D08CAB7725895B3B007C8797 /* Alertable.swift */,
			);
			path = Templates;
			sourceTree = "<group>";
		};
/* End PBXGroup section */

/* Begin PBXNativeTarget section */
		D05E644C258007E100CFF7AE /* Wall Bounce */ = {
			isa = PBXNativeTarget;
			buildConfigurationList = D05E6478258007E500CFF7AE /* Build configuration list for PBXNativeTarget "Wall Bounce" */;
			buildPhases = (
				D05E6449258007E100CFF7AE /* Sources */,
				D05E644A258007E100CFF7AE /* Frameworks */,
				D05E644B258007E100CFF7AE /* Resources */,
			);
			buildRules = (
			);
			dependencies = (
			);
			name = "Wall Bounce";
			productName = "Wall Runner";
			productReference = D05E644D258007E100CFF7AE /* Wall Bounce.app */;
			productType = "com.apple.product-type.application";
		};
		D05E6463258007E500CFF7AE /* Wall BounceTests */ = {
			isa = PBXNativeTarget;
			buildConfigurationList = D05E647B258007E500CFF7AE /* Build configuration list for PBXNativeTarget "Wall BounceTests" */;
			buildPhases = (
				D05E6460258007E500CFF7AE /* Sources */,
				D05E6461258007E500CFF7AE /* Frameworks */,
				D05E6462258007E500CFF7AE /* Resources */,
			);
			buildRules = (
			);
			dependencies = (
				D05E6466258007E500CFF7AE /* PBXTargetDependency */,
			);
			name = "Wall BounceTests";
			productName = "Wall RunnerTests";
			productReference = D05E6464258007E500CFF7AE /* Wall BounceTests.xctest */;
			productType = "com.apple.product-type.bundle.unit-test";
		};
		D05E646E258007E500CFF7AE /* Wall BounceUITests */ = {
			isa = PBXNativeTarget;
			buildConfigurationList = D05E647E258007E500CFF7AE /* Build configuration list for PBXNativeTarget "Wall BounceUITests" */;
			buildPhases = (
				D05E646B258007E500CFF7AE /* Sources */,
				D05E646C258007E500CFF7AE /* Frameworks */,
				D05E646D258007E500CFF7AE /* Resources */,
			);
			buildRules = (
			);
			dependencies = (
				D05E6471258007E500CFF7AE /* PBXTargetDependency */,
			);
			name = "Wall BounceUITests";
			productName = "Wall RunnerUITests";
			productReference = D05E646F258007E500CFF7AE /* Wall BounceUITests.xctest */;
			productType = "com.apple.product-type.bundle.ui-testing";
		};
/* End PBXNativeTarget section */

/* Begin PBXProject section */
		D05E6445258007E100CFF7AE /* Project object */ = {
			isa = PBXProject;
			attributes = {
				LastSwiftUpdateCheck = 1200;
				LastUpgradeCheck = 1200;
				TargetAttributes = {
					D05E644C258007E100CFF7AE = {
						CreatedOnToolsVersion = 12.0.1;
					};
					D05E6463258007E500CFF7AE = {
						CreatedOnToolsVersion = 12.0.1;
						TestTargetID = D05E644C258007E100CFF7AE;
					};
					D05E646E258007E500CFF7AE = {
						CreatedOnToolsVersion = 12.0.1;
						TestTargetID = D05E644C258007E100CFF7AE;
					};
				};
			};
			buildConfigurationList = D05E6448258007E100CFF7AE /* Build configuration list for PBXProject "Wall Bounce" */;
			compatibilityVersion = "Xcode 9.3";
			developmentRegion = en;
			hasScannedForEncodings = 0;
			knownRegions = (
				en,
				Base,
			);
			mainGroup = D05E6444258007E100CFF7AE;
			productRefGroup = D05E644E258007E100CFF7AE /* Products */;
			projectDirPath = "";
			projectRoot = "";
			targets = (
				D05E644C258007E100CFF7AE /* Wall Bounce */,
				D05E6463258007E500CFF7AE /* Wall BounceTests */,
				D05E646E258007E500CFF7AE /* Wall BounceUITests */,
			);
		};
/* End PBXProject section */

/* Begin PBXResourcesBuildPhase section */
		D05E644B258007E100CFF7AE /* Resources */ = {
			isa = PBXResourcesBuildPhase;
			buildActionMask = 2147483647;
			files = (
				D08CAB8625897879007C8797 /* Launch Screen.storyboard in Resources */,
				D05E645C258007E100CFF7AE /* Main.storyboard in Resources */,
				D05E645E258007E400CFF7AE /* Assets.xcassets in Resources */,
			);
			runOnlyForDeploymentPostprocessing = 0;
		};
		D05E6462258007E500CFF7AE /* Resources */ = {
			isa = PBXResourcesBuildPhase;
			buildActionMask = 2147483647;
			files = (
			);
			runOnlyForDeploymentPostprocessing = 0;
		};
		D05E646D258007E500CFF7AE /* Resources */ = {
			isa = PBXResourcesBuildPhase;
			buildActionMask = 2147483647;
			files = (
			);
			runOnlyForDeploymentPostprocessing = 0;
		};
/* End PBXResourcesBuildPhase section */

/* Begin PBXSourcesBuildPhase section */
		D05E6449258007E100CFF7AE /* Sources */ = {
			isa = PBXSourcesBuildPhase;
			buildActionMask = 2147483647;
			files = (
				D08CAB7825895B3C007C8797 /* Alertable.swift in Sources */,
				D05E6457258007E100CFF7AE /* GameScene.swift in Sources */,
				D05E6459258007E100CFF7AE /* GameViewController.swift in Sources */,
				D075469A258021D5005A08D0 /* Settings.swift in Sources */,
				D0E86E0425840AB9007EB58B /* TutorialScene.swift in Sources */,
				D07546B725819F48005A08D0 /* MenuScene.swift in Sources */,
				D05E6451258007E100CFF7AE /* AppDelegate.swift in Sources */,
				D0E86E1425854810007EB58B /* StoreScene.swift in Sources */,
				D07546AF2580245D005A08D0 /* Constants.swift in Sources */,
			);
			runOnlyForDeploymentPostprocessing = 0;
		};
		D05E6460258007E500CFF7AE /* Sources */ = {
			isa = PBXSourcesBuildPhase;
			buildActionMask = 2147483647;
			files = (
				D05E6469258007E500CFF7AE /* Wall_RunnerTests.swift in Sources */,
			);
			runOnlyForDeploymentPostprocessing = 0;
		};
		D05E646B258007E500CFF7AE /* Sources */ = {
			isa = PBXSourcesBuildPhase;
			buildActionMask = 2147483647;
			files = (
				D05E6474258007E500CFF7AE /* Wall_RunnerUITests.swift in Sources */,
			);
			runOnlyForDeploymentPostprocessing = 0;
		};
/* End PBXSourcesBuildPhase section */

/* Begin PBXTargetDependency section */
		D05E6466258007E500CFF7AE /* PBXTargetDependency */ = {
			isa = PBXTargetDependency;
			target = D05E644C258007E100CFF7AE /* Wall Bounce */;
			targetProxy = D05E6465258007E500CFF7AE /* PBXContainerItemProxy */;
		};
		D05E6471258007E500CFF7AE /* PBXTargetDependency */ = {
			isa = PBXTargetDependency;
			target = D05E644C258007E100CFF7AE /* Wall Bounce */;
			targetProxy = D05E6470258007E500CFF7AE /* PBXContainerItemProxy */;
		};
/* End PBXTargetDependency section */

/* Begin PBXVariantGroup section */
		D05E645A258007E100CFF7AE /* Main.storyboard */ = {
			isa = PBXVariantGroup;
			children = (
				D05E645B258007E100CFF7AE /* Base */,
			);
			name = Main.storyboard;
			sourceTree = "<group>";
		};
/* End PBXVariantGroup section */

/* Begin XCBuildConfiguration section */
		D05E6476258007E500CFF7AE /* Debug */ = {
			isa = XCBuildConfiguration;
			buildSettings = {
				ALWAYS_SEARCH_USER_PATHS = NO;
				CLANG_ANALYZER_NONNULL = YES;
				CLANG_ANALYZER_NUMBER_OBJECT_CONVERSION = YES_AGGRESSIVE;
				CLANG_CXX_LANGUAGE_STANDARD = "gnu++14";
				CLANG_CXX_LIBRARY = "libc++";
				CLANG_ENABLE_MODULES = YES;
				CLANG_ENABLE_OBJC_ARC = YES;
				CLANG_ENABLE_OBJC_WEAK = YES;
				CLANG_WARN_BLOCK_CAPTURE_AUTORELEASING = YES;
				CLANG_WARN_BOOL_CONVERSION = YES;
				CLANG_WARN_COMMA = YES;
				CLANG_WARN_CONSTANT_CONVERSION = YES;
				CLANG_WARN_DEPRECATED_OBJC_IMPLEMENTATIONS = YES;
				CLANG_WARN_DIRECT_OBJC_ISA_USAGE = YES_ERROR;
				CLANG_WARN_DOCUMENTATION_COMMENTS = YES;
				CLANG_WARN_EMPTY_BODY = YES;
				CLANG_WARN_ENUM_CONVERSION = YES;
				CLANG_WARN_INFINITE_RECURSION = YES;
				CLANG_WARN_INT_CONVERSION = YES;
				CLANG_WARN_NON_LITERAL_NULL_CONVERSION = YES;
				CLANG_WARN_OBJC_IMPLICIT_RETAIN_SELF = YES;
				CLANG_WARN_OBJC_LITERAL_CONVERSION = YES;
				CLANG_WARN_OBJC_ROOT_CLASS = YES_ERROR;
				CLANG_WARN_QUOTED_INCLUDE_IN_FRAMEWORK_HEADER = YES;
				CLANG_WARN_RANGE_LOOP_ANALYSIS = YES;
				CLANG_WARN_STRICT_PROTOTYPES = YES;
				CLANG_WARN_SUSPICIOUS_MOVE = YES;
				CLANG_WARN_UNGUARDED_AVAILABILITY = YES_AGGRESSIVE;
				CLANG_WARN_UNREACHABLE_CODE = YES;
				CLANG_WARN__DUPLICATE_METHOD_MATCH = YES;
				COPY_PHASE_STRIP = NO;
				DEBUG_INFORMATION_FORMAT = dwarf;
				ENABLE_STRICT_OBJC_MSGSEND = YES;
				ENABLE_TESTABILITY = YES;
				GCC_C_LANGUAGE_STANDARD = gnu11;
				GCC_DYNAMIC_NO_PIC = NO;
				GCC_NO_COMMON_BLOCKS = YES;
				GCC_OPTIMIZATION_LEVEL = 0;
				GCC_PREPROCESSOR_DEFINITIONS = (
					"DEBUG=1",
					"$(inherited)",
				);
				GCC_WARN_64_TO_32_BIT_CONVERSION = YES;
				GCC_WARN_ABOUT_RETURN_TYPE = YES_ERROR;
				GCC_WARN_UNDECLARED_SELECTOR = YES;
				GCC_WARN_UNINITIALIZED_AUTOS = YES_AGGRESSIVE;
				GCC_WARN_UNUSED_FUNCTION = YES;
				GCC_WARN_UNUSED_VARIABLE = YES;
				IPHONEOS_DEPLOYMENT_TARGET = 14.0;
				MTL_ENABLE_DEBUG_INFO = INCLUDE_SOURCE;
				MTL_FAST_MATH = YES;
				ONLY_ACTIVE_ARCH = YES;
				SDKROOT = iphoneos;
				SWIFT_ACTIVE_COMPILATION_CONDITIONS = DEBUG;
				SWIFT_OPTIMIZATION_LEVEL = "-Onone";
			};
			name = Debug;
		};
		D05E6477258007E500CFF7AE /* Release */ = {
			isa = XCBuildConfiguration;
			buildSettings = {
				ALWAYS_SEARCH_USER_PATHS = NO;
				CLANG_ANALYZER_NONNULL = YES;
				CLANG_ANALYZER_NUMBER_OBJECT_CONVERSION = YES_AGGRESSIVE;
				CLANG_CXX_LANGUAGE_STANDARD = "gnu++14";
				CLANG_CXX_LIBRARY = "libc++";
				CLANG_ENABLE_MODULES = YES;
				CLANG_ENABLE_OBJC_ARC = YES;
				CLANG_ENABLE_OBJC_WEAK = YES;
				CLANG_WARN_BLOCK_CAPTURE_AUTORELEASING = YES;
				CLANG_WARN_BOOL_CONVERSION = YES;
				CLANG_WARN_COMMA = YES;
				CLANG_WARN_CONSTANT_CONVERSION = YES;
				CLANG_WARN_DEPRECATED_OBJC_IMPLEMENTATIONS = YES;
				CLANG_WARN_DIRECT_OBJC_ISA_USAGE = YES_ERROR;
				CLANG_WARN_DOCUMENTATION_COMMENTS = YES;
				CLANG_WARN_EMPTY_BODY = YES;
				CLANG_WARN_ENUM_CONVERSION = YES;
				CLANG_WARN_INFINITE_RECURSION = YES;
				CLANG_WARN_INT_CONVERSION = YES;
				CLANG_WARN_NON_LITERAL_NULL_CONVERSION = YES;
				CLANG_WARN_OBJC_IMPLICIT_RETAIN_SELF = YES;
				CLANG_WARN_OBJC_LITERAL_CONVERSION = YES;
				CLANG_WARN_OBJC_ROOT_CLASS = YES_ERROR;
				CLANG_WARN_QUOTED_INCLUDE_IN_FRAMEWORK_HEADER = YES;
				CLANG_WARN_RANGE_LOOP_ANALYSIS = YES;
				CLANG_WARN_STRICT_PROTOTYPES = YES;
				CLANG_WARN_SUSPICIOUS_MOVE = YES;
				CLANG_WARN_UNGUARDED_AVAILABILITY = YES_AGGRESSIVE;
				CLANG_WARN_UNREACHABLE_CODE = YES;
				CLANG_WARN__DUPLICATE_METHOD_MATCH = YES;
				COPY_PHASE_STRIP = NO;
				DEBUG_INFORMATION_FORMAT = "dwarf-with-dsym";
				ENABLE_NS_ASSERTIONS = NO;
				ENABLE_STRICT_OBJC_MSGSEND = YES;
				GCC_C_LANGUAGE_STANDARD = gnu11;
				GCC_NO_COMMON_BLOCKS = YES;
				GCC_WARN_64_TO_32_BIT_CONVERSION = YES;
				GCC_WARN_ABOUT_RETURN_TYPE = YES_ERROR;
				GCC_WARN_UNDECLARED_SELECTOR = YES;
				GCC_WARN_UNINITIALIZED_AUTOS = YES_AGGRESSIVE;
				GCC_WARN_UNUSED_FUNCTION = YES;
				GCC_WARN_UNUSED_VARIABLE = YES;
				IPHONEOS_DEPLOYMENT_TARGET = 14.0;
				MTL_ENABLE_DEBUG_INFO = NO;
				MTL_FAST_MATH = YES;
				SDKROOT = iphoneos;
				SWIFT_COMPILATION_MODE = wholemodule;
				SWIFT_OPTIMIZATION_LEVEL = "-O";
				VALIDATE_PRODUCT = YES;
			};
			name = Release;
		};
		D05E6479258007E500CFF7AE /* Debug */ = {
			isa = XCBuildConfiguration;
			buildSettings = {
				ASSETCATALOG_COMPILER_APPICON_NAME = AppIcon;
				ASSETCATALOG_COMPILER_GLOBAL_ACCENT_COLOR_NAME = AccentColor;
				CODE_SIGN_STYLE = Automatic;
				DEVELOPMENT_TEAM = 3L56DRQ363;
				INFOPLIST_FILE = "Wall Runner/Info.plist";
				LD_RUNPATH_SEARCH_PATHS = (
					"$(inherited)",
					"@executable_path/Frameworks",
				);
				PRODUCT_BUNDLE_IDENTIFIER = "com.JaredCassoutt.Wall-Bounce";
				PRODUCT_NAME = "$(TARGET_NAME)";
				SWIFT_VERSION = 5.0;
				TARGETED_DEVICE_FAMILY = "1,2";
			};
			name = Debug;
		};
		D05E647A258007E500CFF7AE /* Release */ = {
			isa = XCBuildConfiguration;
			buildSettings = {
				ASSETCATALOG_COMPILER_APPICON_NAME = AppIcon;
				ASSETCATALOG_COMPILER_GLOBAL_ACCENT_COLOR_NAME = AccentColor;
				CODE_SIGN_STYLE = Automatic;
				DEVELOPMENT_TEAM = 3L56DRQ363;
				INFOPLIST_FILE = "Wall Runner/Info.plist";
				LD_RUNPATH_SEARCH_PATHS = (
					"$(inherited)",
					"@executable_path/Frameworks",
				);
				PRODUCT_BUNDLE_IDENTIFIER = "com.JaredCassoutt.Wall-Bounce";
				PRODUCT_NAME = "$(TARGET_NAME)";
				SWIFT_VERSION = 5.0;
				TARGETED_DEVICE_FAMILY = "1,2";
			};
			name = Release;
		};
		D05E647C258007E500CFF7AE /* Debug */ = {
			isa = XCBuildConfiguration;
			buildSettings = {
				ALWAYS_EMBED_SWIFT_STANDARD_LIBRARIES = YES;
				BUNDLE_LOADER = "$(TEST_HOST)";
				CODE_SIGN_STYLE = Automatic;
				DEVELOPMENT_TEAM = 3L56DRQ363;
				INFOPLIST_FILE = "Wall RunnerTests/Info.plist";
				IPHONEOS_DEPLOYMENT_TARGET = 14.0;
				LD_RUNPATH_SEARCH_PATHS = (
					"$(inherited)",
					"@executable_path/Frameworks",
					"@loader_path/Frameworks",
				);
				PRODUCT_BUNDLE_IDENTIFIER = "com.JaredCassoutt.Wall-RunnerTests";
				PRODUCT_NAME = "$(TARGET_NAME)";
				SWIFT_VERSION = 5.0;
				TARGETED_DEVICE_FAMILY = "1,2";
				TEST_HOST = "$(BUILT_PRODUCTS_DIR)/Wall Bounce.app/Wall Bounce";
			};
			name = Debug;
		};
		D05E647D258007E500CFF7AE /* Release */ = {
			isa = XCBuildConfiguration;
			buildSettings = {
				ALWAYS_EMBED_SWIFT_STANDARD_LIBRARIES = YES;
				BUNDLE_LOADER = "$(TEST_HOST)";
				CODE_SIGN_STYLE = Automatic;
				DEVELOPMENT_TEAM = 3L56DRQ363;
				INFOPLIST_FILE = "Wall RunnerTests/Info.plist";
				IPHONEOS_DEPLOYMENT_TARGET = 14.0;
				LD_RUNPATH_SEARCH_PATHS = (
					"$(inherited)",
					"@executable_path/Frameworks",
					"@loader_path/Frameworks",
				);
				PRODUCT_BUNDLE_IDENTIFIER = "com.JaredCassoutt.Wall-RunnerTests";
				PRODUCT_NAME = "$(TARGET_NAME)";
				SWIFT_VERSION = 5.0;
				TARGETED_DEVICE_FAMILY = "1,2";
				TEST_HOST = "$(BUILT_PRODUCTS_DIR)/Wall Bounce.app/Wall Bounce";
			};
			name = Release;
		};
		D05E647F258007E500CFF7AE /* Debug */ = {
			isa = XCBuildConfiguration;
			buildSettings = {
				ALWAYS_EMBED_SWIFT_STANDARD_LIBRARIES = YES;
				CODE_SIGN_STYLE = Automatic;
				DEVELOPMENT_TEAM = 3L56DRQ363;
				INFOPLIST_FILE = "Wall RunnerUITests/Info.plist";
				LD_RUNPATH_SEARCH_PATHS = (
					"$(inherited)",
					"@executable_path/Frameworks",
					"@loader_path/Frameworks",
				);
				PRODUCT_BUNDLE_IDENTIFIER = "com.JaredCassoutt.Wall-RunnerUITests";
				PRODUCT_NAME = "$(TARGET_NAME)";
				SWIFT_VERSION = 5.0;
				TARGETED_DEVICE_FAMILY = "1,2";
				TEST_TARGET_NAME = "Wall Runner";
			};
			name = Debug;
		};
		D05E6480258007E500CFF7AE /* Release */ = {
			isa = XCBuildConfiguration;
			buildSettings = {
				ALWAYS_EMBED_SWIFT_STANDARD_LIBRARIES = YES;
				CODE_SIGN_STYLE = Automatic;
				DEVELOPMENT_TEAM = 3L56DRQ363;
				INFOPLIST_FILE = "Wall RunnerUITests/Info.plist";
				LD_RUNPATH_SEARCH_PATHS = (
					"$(inherited)",
					"@executable_path/Frameworks",
					"@loader_path/Frameworks",
				);
				PRODUCT_BUNDLE_IDENTIFIER = "com.JaredCassoutt.Wall-RunnerUITests";
				PRODUCT_NAME = "$(TARGET_NAME)";
				SWIFT_VERSION = 5.0;
				TARGETED_DEVICE_FAMILY = "1,2";
				TEST_TARGET_NAME = "Wall Runner";
			};
			name = Release;
		};
/* End XCBuildConfiguration section */

/* Begin XCConfigurationList section */
		D05E6448258007E100CFF7AE /* Build configuration list for PBXProject "Wall Bounce" */ = {
			isa = XCConfigurationList;
			buildConfigurations = (
				D05E6476258007E500CFF7AE /* Debug */,
				D05E6477258007E500CFF7AE /* Release */,
			);
			defaultConfigurationIsVisible = 0;
			defaultConfigurationName = Release;
		};
		D05E6478258007E500CFF7AE /* Build configuration list for PBXNativeTarget "Wall Bounce" */ = {
			isa = XCConfigurationList;
			buildConfigurations = (
				D05E6479258007E500CFF7AE /* Debug */,
				D05E647A258007E500CFF7AE /* Release */,
			);
			defaultConfigurationIsVisible = 0;
			defaultConfigurationName = Release;
		};
		D05E647B258007E500CFF7AE /* Build configuration list for PBXNativeTarget "Wall BounceTests" */ = {
			isa = XCConfigurationList;
			buildConfigurations = (
				D05E647C258007E500CFF7AE /* Debug */,
				D05E647D258007E500CFF7AE /* Release */,
			);
			defaultConfigurationIsVisible = 0;
			defaultConfigurationName = Release;
		};
		D05E647E258007E500CFF7AE /* Build configuration list for PBXNativeTarget "Wall BounceUITests" */ = {
			isa = XCConfigurationList;
			buildConfigurations = (
				D05E647F258007E500CFF7AE /* Debug */,
				D05E6480258007E500CFF7AE /* Release */,
			);
			defaultConfigurationIsVisible = 0;
			defaultConfigurationName = Release;
		};
/* End XCConfigurationList section */
	};
	rootObject = D05E6445258007E100CFF7AE /* Project object */;
}
